
Microsoft Visual Studio Solution File, Format Version 12.00
Project("{FAE04EC0-301F-11D3-BF4B-00C04F79EFBC}") = "FormulaEvaluator", "FormulaEvaluator\FormulaEvaluator.csproj", "{22205AA0-6D8C-430F-B91A-1BB962B04F96}"
EndProject
Project("{FAE04EC0-301F-11D3-BF4B-00C04F79EFBC}") = "FormulaEvaluatorTester", "FormulaEvaluatorTester\FormulaEvaluatorTester.csproj", "{9EADE0EC-EE70-40F2-B21F-FB347A58E980}"
EndProject
Project("{FAE04EC0-301F-11D3-BF4B-00C04F79EFBC}") = "TestProject1", "TestProject1\TestProject1.csproj", "{9E0C3145-A138-4BDE-9CD9-121E9A3FD0DA}"
EndProject
Project("{FAE04EC0-301F-11D3-BF4B-00C04F79EFBC}") = "DependencyGraph", "DependencyGraph\DependencyGraph.csproj", "{B7F437F1-1B86-4ADE-87CA-6D4ABFC3227C}"
EndProject
Project("{FAE04EC0-301F-11D3-BF4B-00C04F79EFBC}") = "DependencyGraphTests", "DependencyGraphTests\DependencyGraphTests.csproj", "{BC3D5DA3-1E2A-4DF0-9E69-26D0454F8A58}"
EndProject
Project("{FAE04EC0-301F-11D3-BF4B-00C04F79EFBC}") = "TestProject2", "TestProject2\TestProject2.csproj", "{67579192-BBCE-463C-8650-5BC5DC7210AD}"
EndProject
Project("{FAE04EC0-301F-11D3-BF4B-00C04F79EFBC}") = "Formula", "Formula\Formula.csproj", "{3573F301-1F29-4F93-9ADA-7934C36CA5B0}"
EndProject
Project("{FAE04EC0-301F-11D3-BF4B-00C04F79EFBC}") = "FormulaTests", "FormulaTests\FormulaTests.csproj", "{B18F39DA-338F-4FB0-B19C-F45D2F017C62}"
EndProject
Project("{FAE04EC0-301F-11D3-BF4B-00C04F79EFBC}") = "Spreadsheet", "Spreadsheet\Spreadsheet.csproj", "{64B72857-9313-445D-852E-758B8DCD5AEB}"
EndProject
Global
	GlobalSection(SolutionConfigurationPlatforms) = preSolution
		Debug|Any CPU = Debug|Any CPU
		Release|Any CPU = Release|Any CPU
	EndGlobalSection
	GlobalSection(ProjectConfigurationPlatforms) = postSolution
		{22205AA0-6D8C-430F-B91A-1BB962B04F96}.Debug|Any CPU.ActiveCfg = Debug|Any CPU
		{22205AA0-6D8C-430F-B91A-1BB962B04F96}.Debug|Any CPU.Build.0 = Debug|Any CPU
		{22205AA0-6D8C-430F-B91A-1BB962B04F96}.Release|Any CPU.ActiveCfg = Release|Any CPU
		{22205AA0-6D8C-430F-B91A-1BB962B04F96}.Release|Any CPU.Build.0 = Release|Any CPU
		{9EADE0EC-EE70-40F2-B21F-FB347A58E980}.Debug|Any CPU.ActiveCfg = Debug|Any CPU
		{9EADE0EC-EE70-40F2-B21F-FB347A58E980}.Debug|Any CPU.Build.0 = Debug|Any CPU
		{9EADE0EC-EE70-40F2-B21F-FB347A58E980}.Release|Any CPU.ActiveCfg = Release|Any CPU
		{9EADE0EC-EE70-40F2-B21F-FB347A58E980}.Release|Any CPU.Build.0 = Release|Any CPU
		{9E0C3145-A138-4BDE-9CD9-121E9A3FD0DA}.Debug|Any CPU.ActiveCfg = Debug|Any CPU
		{9E0C3145-A138-4BDE-9CD9-121E9A3FD0DA}.Debug|Any CPU.Build.0 = Debug|Any CPU
		{9E0C3145-A138-4BDE-9CD9-121E9A3FD0DA}.Release|Any CPU.ActiveCfg = Release|Any CPU
		{9E0C3145-A138-4BDE-9CD9-121E9A3FD0DA}.Release|Any CPU.Build.0 = Release|Any CPU
		{B7F437F1-1B86-4ADE-87CA-6D4ABFC3227C}.Debug|Any CPU.ActiveCfg = Debug|Any CPU
		{B7F437F1-1B86-4ADE-87CA-6D4ABFC3227C}.Debug|Any CPU.Build.0 = Debug|Any CPU
		{B7F437F1-1B86-4ADE-87CA-6D4ABFC3227C}.Release|Any CPU.ActiveCfg = Release|Any CPU
		{B7F437F1-1B86-4ADE-87CA-6D4ABFC3227C}.Release|Any CPU.Build.0 = Release|Any CPU
		{BC3D5DA3-1E2A-4DF0-9E69-26D0454F8A58}.Debug|Any CPU.ActiveCfg = Debug|Any CPU
		{BC3D5DA3-1E2A-4DF0-9E69-26D0454F8A58}.Debug|Any CPU.Build.0 = Debug|Any CPU
		{BC3D5DA3-1E2A-4DF0-9E69-26D0454F8A58}.Release|Any CPU.ActiveCfg = Release|Any CPU
		{BC3D5DA3-1E2A-4DF0-9E69-26D0454F8A58}.Release|Any CPU.Build.0 = Release|Any CPU
		{67579192-BBCE-463C-8650-5BC5DC7210AD}.Debug|Any CPU.ActiveCfg = Debug|Any CPU
		{67579192-BBCE-463C-8650-5BC5DC7210AD}.Debug|Any CPU.Build.0 = Debug|Any CPU
		{67579192-BBCE-463C-8650-5BC5DC7210AD}.Release|Any CPU.ActiveCfg = Release|Any CPU
		{67579192-BBCE-463C-8650-5BC5DC7210AD}.Release|Any CPU.Build.0 = Release|Any CPU
		{3573F301-1F29-4F93-9ADA-7934C36CA5B0}.Debug|Any CPU.ActiveCfg = Debug|Any CPU
		{3573F301-1F29-4F93-9ADA-7934C36CA5B0}.Debug|Any CPU.Build.0 = Debug|Any CPU
		{3573F301-1F29-4F93-9ADA-7934C36CA5B0}.Release|Any CPU.ActiveCfg = Release|Any CPU
		{3573F301-1F29-4F93-9ADA-7934C36CA5B0}.Release|Any CPU.Build.0 = Release|Any CPU
		{B18F39DA-338F-4FB0-B19C-F45D2F017C62}.Debug|Any CPU.ActiveCfg = Debug|Any CPU
		{B18F39DA-338F-4FB0-B19C-F45D2F017C62}.Debug|Any CPU.Build.0 = Debug|Any CPU
		{B18F39DA-338F-4FB0-B19C-F45D2F017C62}.Release|Any CPU.ActiveCfg = Release|Any CPU
		{B18F39DA-338F-4FB0-B19C-F45D2F017C62}.Release|Any CPU.Build.0 = Release|Any CPU
		{64B72857-9313-445D-852E-758B8DCD5AEB}.Debug|Any CPU.ActiveCfg = Debug|Any CPU
		{64B72857-9313-445D-852E-758B8DCD5AEB}.Debug|Any CPU.Build.0 = Debug|Any CPU
		{64B72857-9313-445D-852E-758B8DCD5AEB}.Release|Any CPU.ActiveCfg = Release|Any CPU
		{64B72857-9313-445D-852E-758B8DCD5AEB}.Release|Any CPU.Build.0 = Release|Any CPU
	EndGlobalSection
EndGlobal
